# This file is automatically @generated by Poetry 2.1.3 and should not be changed by hand.

[[package]]
name = "colorama"
version = "0.4.6"
description = "Cross-platform colored terminal text."
optional = false
python-versions = "!=3.0.*,!=3.1.*,!=3.2.*,!=3.3.*,!=3.4.*,!=3.5.*,!=3.6.*,>=2.7"
groups = ["dev"]
markers = "sys_platform == \"win32\""
files = [
    {file = "colorama-0.4.6-py2.py3-none-any.whl", hash = "sha256:4f1d9991f5acc0ca119f9d443620b77f9d6b33703e51011c16baf57afb285fc6"},
    {file = "colorama-0.4.6.tar.gz", hash = "sha256:08695f5cb7ed6e0531a20572697297273c47b8cae5a63ffc6d6ed5c201be6e44"},
]

[[package]]
name = "coverage"
version = "7.9.2"
description = "Code coverage measurement for Python"
optional = false
python-versions = ">=3.9"
groups = ["dev"]
files = [
    {file = "coverage-7.9.2-cp310-cp310-macosx_10_9_x86_64.whl", hash = "sha256:66283a192a14a3854b2e7f3418d7db05cdf411012ab7ff5db98ff3b181e1f912"},
    {file = "coverage-7.9.2-cp310-cp310-macosx_11_0_arm64.whl", hash = "sha256:4e01d138540ef34fcf35c1aa24d06c3de2a4cffa349e29a10056544f35cca15f"},
    {file = "coverage-7.9.2-cp310-cp310-manylinux_2_17_aarch64.manylinux2014_aarch64.whl", hash = "sha256:f22627c1fe2745ee98d3ab87679ca73a97e75ca75eb5faee48660d060875465f"},
    {file = "coverage-7.9.2-cp310-cp310-manylinux_2_5_i686.manylinux1_i686.manylinux_2_17_i686.manylinux2014_i686.whl", hash = "sha256:4b1c2d8363247b46bd51f393f86c94096e64a1cf6906803fa8d5a9d03784bdbf"},
    {file = "coverage-7.9.2-cp310-cp310-manylinux_2_5_x86_64.manylinux1_x86_64.manylinux_2_17_x86_64.manylinux2014_x86_64.whl", hash = "sha256:c10c882b114faf82dbd33e876d0cbd5e1d1ebc0d2a74ceef642c6152f3f4d547"},
    {file = "coverage-7.9.2-cp310-cp310-musllinux_1_2_aarch64.whl", hash = "sha256:de3c0378bdf7066c3988d66cd5232d161e933b87103b014ab1b0b4676098fa45"},
    {file = "coverage-7.9.2-cp310-cp310-musllinux_1_2_i686.whl", hash = "sha256:1e2f097eae0e5991e7623958a24ced3282676c93c013dde41399ff63e230fcf2"},
    {file = "coverage-7.9.2-cp310-cp310-musllinux_1_2_x86_64.whl", hash = "sha256:28dc1f67e83a14e7079b6cea4d314bc8b24d1aed42d3582ff89c0295f09b181e"},
    {file = "coverage-7.9.2-cp310-cp310-win32.whl", hash = "sha256:bf7d773da6af9e10dbddacbf4e5cab13d06d0ed93561d44dae0188a42c65be7e"},
    {file = "coverage-7.9.2-cp310-cp310-win_amd64.whl", hash = "sha256:0c0378ba787681ab1897f7c89b415bd56b0b2d9a47e5a3d8dc0ea55aac118d6c"},
    {file = "coverage-7.9.2-cp311-cp311-macosx_10_9_x86_64.whl", hash = "sha256:a7a56a2964a9687b6aba5b5ced6971af308ef6f79a91043c05dd4ee3ebc3e9ba"},
    {file = "coverage-7.9.2-cp311-cp311-macosx_11_0_arm64.whl", hash = "sha256:123d589f32c11d9be7fe2e66d823a236fe759b0096f5db3fb1b75b2fa414a4fa"},
    {file = "coverage-7.9.2-cp311-cp311-manylinux_2_17_aarch64.manylinux2014_aarch64.whl", hash = "sha256:333b2e0ca576a7dbd66e85ab402e35c03b0b22f525eed82681c4b866e2e2653a"},
    {file = "coverage-7.9.2-cp311-cp311-manylinux_2_5_i686.manylinux1_i686.manylinux_2_17_i686.manylinux2014_i686.whl", hash = "sha256:326802760da234baf9f2f85a39e4a4b5861b94f6c8d95251f699e4f73b1835dc"},
    {file = "coverage-7.9.2-cp311-cp311-manylinux_2_5_x86_64.manylinux1_x86_64.manylinux_2_17_x86_64.manylinux2014_x86_64.whl", hash = "sha256:19e7be4cfec248df38ce40968c95d3952fbffd57b400d4b9bb580f28179556d2"},
    {file = "coverage-7.9.2-cp311-cp311-musllinux_1_2_aarch64.whl", hash = "sha256:0b4a4cb73b9f2b891c1788711408ef9707666501ba23684387277ededab1097c"},
    {file = "coverage-7.9.2-cp311-cp311-musllinux_1_2_i686.whl", hash = "sha256:2c8937fa16c8c9fbbd9f118588756e7bcdc7e16a470766a9aef912dd3f117dbd"},
    {file = "coverage-7.9.2-cp311-cp311-musllinux_1_2_x86_64.whl", hash = "sha256:42da2280c4d30c57a9b578bafd1d4494fa6c056d4c419d9689e66d775539be74"},
    {file = "coverage-7.9.2-cp311-cp311-win32.whl", hash = "sha256:14fa8d3da147f5fdf9d298cacc18791818f3f1a9f542c8958b80c228320e90c6"},
    {file = "coverage-7.9.2-cp311-cp311-win_amd64.whl", hash = "sha256:549cab4892fc82004f9739963163fd3aac7a7b0df430669b75b86d293d2df2a7"},
    {file = "coverage-7.9.2-cp311-cp311-win_arm64.whl", hash = "sha256:c2667a2b913e307f06aa4e5677f01a9746cd08e4b35e14ebcde6420a9ebb4c62"},
    {file = "coverage-7.9.2-cp312-cp312-macosx_10_13_x86_64.whl", hash = "sha256:ae9eb07f1cfacd9cfe8eaee6f4ff4b8a289a668c39c165cd0c8548484920ffc0"},
    {file = "coverage-7.9.2-cp312-cp312-macosx_11_0_arm64.whl", hash = "sha256:9ce85551f9a1119f02adc46d3014b5ee3f765deac166acf20dbb851ceb79b6f3"},
    {file = "coverage-7.9.2-cp312-cp312-manylinux_2_17_aarch64.manylinux2014_aarch64.whl", hash = "sha256:f8f6389ac977c5fb322e0e38885fbbf901743f79d47f50db706e7644dcdcb6e1"},
    {file = "coverage-7.9.2-cp312-cp312-manylinux_2_5_i686.manylinux1_i686.manylinux_2_17_i686.manylinux2014_i686.whl", hash = "sha256:ff0d9eae8cdfcd58fe7893b88993723583a6ce4dfbfd9f29e001922544f95615"},
    {file = "coverage-7.9.2-cp312-cp312-manylinux_2_5_x86_64.manylinux1_x86_64.manylinux_2_17_x86_64.manylinux2014_x86_64.whl", hash = "sha256:fae939811e14e53ed8a9818dad51d434a41ee09df9305663735f2e2d2d7d959b"},
    {file = "coverage-7.9.2-cp312-cp312-musllinux_1_2_aarch64.whl", hash = "sha256:31991156251ec202c798501e0a42bbdf2169dcb0f137b1f5c0f4267f3fc68ef9"},
    {file = "coverage-7.9.2-cp312-cp312-musllinux_1_2_i686.whl", hash = "sha256:d0d67963f9cbfc7c7f96d4ac74ed60ecbebd2ea6eeb51887af0f8dce205e545f"},
    {file = "coverage-7.9.2-cp312-cp312-musllinux_1_2_x86_64.whl", hash = "sha256:49b752a2858b10580969ec6af6f090a9a440a64a301ac1528d7ca5f7ed497f4d"},
    {file = "coverage-7.9.2-cp312-cp312-win32.whl", hash = "sha256:88d7598b8ee130f32f8a43198ee02edd16d7f77692fa056cb779616bbea1b355"},
    {file = "coverage-7.9.2-cp312-cp312-win_amd64.whl", hash = "sha256:9dfb070f830739ee49d7c83e4941cc767e503e4394fdecb3b54bfdac1d7662c0"},
    {file = "coverage-7.9.2-cp312-cp312-win_arm64.whl", hash = "sha256:4e2c058aef613e79df00e86b6d42a641c877211384ce5bd07585ed7ba71ab31b"},
    {file = "coverage-7.9.2-cp313-cp313-macosx_10_13_x86_64.whl", hash = "sha256:985abe7f242e0d7bba228ab01070fde1d6c8fa12f142e43debe9ed1dde686038"},
    {file = "coverage-7.9.2-cp313-cp313-macosx_11_0_arm64.whl", hash = "sha256:82c3939264a76d44fde7f213924021ed31f55ef28111a19649fec90c0f109e6d"},
    {file = "coverage-7.9.2-cp313-cp313-manylinux_2_17_aarch64.manylinux2014_aarch64.whl", hash = "sha256:ae5d563e970dbe04382f736ec214ef48103d1b875967c89d83c6e3f21706d5b3"},
    {file = "coverage-7.9.2-cp313-cp313-manylinux_2_5_i686.manylinux1_i686.manylinux_2_17_i686.manylinux2014_i686.whl", hash = "sha256:bdd612e59baed2a93c8843c9a7cb902260f181370f1d772f4842987535071d14"},
    {file = "coverage-7.9.2-cp313-cp313-manylinux_2_5_x86_64.manylinux1_x86_64.manylinux_2_17_x86_64.manylinux2014_x86_64.whl", hash = "sha256:256ea87cb2a1ed992bcdfc349d8042dcea1b80436f4ddf6e246d6bee4b5d73b6"},
    {file = "coverage-7.9.2-cp313-cp313-musllinux_1_2_aarch64.whl", hash = "sha256:f44ae036b63c8ea432f610534a2668b0c3aee810e7037ab9d8ff6883de480f5b"},
    {file = "coverage-7.9.2-cp313-cp313-musllinux_1_2_i686.whl", hash = "sha256:82d76ad87c932935417a19b10cfe7abb15fd3f923cfe47dbdaa74ef4e503752d"},
    {file = "coverage-7.9.2-cp313-cp313-musllinux_1_2_x86_64.whl", hash = "sha256:619317bb86de4193debc712b9e59d5cffd91dc1d178627ab2a77b9870deb2868"},
    {file = "coverage-7.9.2-cp313-cp313-win32.whl", hash = "sha256:0a07757de9feb1dfafd16ab651e0f628fd7ce551604d1bf23e47e1ddca93f08a"},
    {file = "coverage-7.9.2-cp313-cp313-win_amd64.whl", hash = "sha256:115db3d1f4d3f35f5bb021e270edd85011934ff97c8797216b62f461dd69374b"},
    {file = "coverage-7.9.2-cp313-cp313-win_arm64.whl", hash = "sha256:48f82f889c80af8b2a7bb6e158d95a3fbec6a3453a1004d04e4f3b5945a02694"},
    {file = "coverage-7.9.2-cp313-cp313t-macosx_10_13_x86_64.whl", hash = "sha256:55a28954545f9d2f96870b40f6c3386a59ba8ed50caf2d949676dac3ecab99f5"},
    {file = "coverage-7.9.2-cp313-cp313t-macosx_11_0_arm64.whl", hash = "sha256:cdef6504637731a63c133bb2e6f0f0214e2748495ec15fe42d1e219d1b133f0b"},
    {file = "coverage-7.9.2-cp313-cp313t-manylinux_2_17_aarch64.manylinux2014_aarch64.whl", hash = "sha256:bcd5ebe66c7a97273d5d2ddd4ad0ed2e706b39630ed4b53e713d360626c3dbb3"},
    {file = "coverage-7.9.2-cp313-cp313t-manylinux_2_5_i686.manylinux1_i686.manylinux_2_17_i686.manylinux2014_i686.whl", hash = "sha256:9303aed20872d7a3c9cb39c5d2b9bdbe44e3a9a1aecb52920f7e7495410dfab8"},
    {file = "coverage-7.9.2-cp313-cp313t-manylinux_2_5_x86_64.manylinux1_x86_64.manylinux_2_17_x86_64.manylinux2014_x86_64.whl", hash = "sha256:bc18ea9e417a04d1920a9a76fe9ebd2f43ca505b81994598482f938d5c315f46"},
    {file = "coverage-7.9.2-cp313-cp313t-musllinux_1_2_aarch64.whl", hash = "sha256:6406cff19880aaaadc932152242523e892faff224da29e241ce2fca329866584"},
    {file = "coverage-7.9.2-cp313-cp313t-musllinux_1_2_i686.whl", hash = "sha256:2d0d4f6ecdf37fcc19c88fec3e2277d5dee740fb51ffdd69b9579b8c31e4232e"},
    {file = "coverage-7.9.2-cp313-cp313t-musllinux_1_2_x86_64.whl", hash = "sha256:c33624f50cf8de418ab2b4d6ca9eda96dc45b2c4231336bac91454520e8d1fac"},
    {file = "coverage-7.9.2-cp313-cp313t-win32.whl", hash = "sha256:1df6b76e737c6a92210eebcb2390af59a141f9e9430210595251fbaf02d46926"},
    {file = "coverage-7.9.2-cp313-cp313t-win_amd64.whl", hash = "sha256:f5fd54310b92741ebe00d9c0d1d7b2b27463952c022da6d47c175d246a98d1bd"},
    {file = "coverage-7.9.2-cp313-cp313t-win_arm64.whl", hash = "sha256:c48c2375287108c887ee87d13b4070a381c6537d30e8487b24ec721bf2a781cb"},
    {file = "coverage-7.9.2-cp39-cp39-macosx_10_9_x86_64.whl", hash = "sha256:ddc39510ac922a5c4c27849b739f875d3e1d9e590d1e7b64c98dadf037a16cce"},
    {file = "coverage-7.9.2-cp39-cp39-macosx_11_0_arm64.whl", hash = "sha256:a535c0c7364acd55229749c2b3e5eebf141865de3a8f697076a3291985f02d30"},
    {file = "coverage-7.9.2-cp39-cp39-manylinux_2_17_aarch64.manylinux2014_aarch64.whl", hash = "sha256:df0f9ef28e0f20c767ccdccfc5ae5f83a6f4a2fbdfbcbcc8487a8a78771168c8"},
    {file = "coverage-7.9.2-cp39-cp39-manylinux_2_5_i686.manylinux1_i686.manylinux_2_17_i686.manylinux2014_i686.whl", hash = "sha256:2f3da12e0ccbcb348969221d29441ac714bbddc4d74e13923d3d5a7a0bebef7a"},
    {file = "coverage-7.9.2-cp39-cp39-manylinux_2_5_x86_64.manylinux1_x86_64.manylinux_2_17_x86_64.manylinux2014_x86_64.whl", hash = "sha256:0a17eaf46f56ae0f870f14a3cbc2e4632fe3771eab7f687eda1ee59b73d09fe4"},
    {file = "coverage-7.9.2-cp39-cp39-musllinux_1_2_aarch64.whl", hash = "sha256:669135a9d25df55d1ed56a11bf555f37c922cf08d80799d4f65d77d7d6123fcf"},
    {file = "coverage-7.9.2-cp39-cp39-musllinux_1_2_i686.whl", hash = "sha256:9d3a700304d01a627df9db4322dc082a0ce1e8fc74ac238e2af39ced4c083193"},
    {file = "coverage-7.9.2-cp39-cp39-musllinux_1_2_x86_64.whl", hash = "sha256:71ae8b53855644a0b1579d4041304ddc9995c7b21c8a1f16753c4d8903b4dfed"},
    {file = "coverage-7.9.2-cp39-cp39-win32.whl", hash = "sha256:dd7a57b33b5cf27acb491e890720af45db05589a80c1ffc798462a765be6d4d7"},
    {file = "coverage-7.9.2-cp39-cp39-win_amd64.whl", hash = "sha256:f65bb452e579d5540c8b37ec105dd54d8b9307b07bcaa186818c104ffda22441"},
    {file = "coverage-7.9.2-pp39.pp310.pp311-none-any.whl", hash = "sha256:8a1166db2fb62473285bcb092f586e081e92656c7dfa8e9f62b4d39d7e6b5050"},
    {file = "coverage-7.9.2-py3-none-any.whl", hash = "sha256:e425cd5b00f6fc0ed7cdbd766c70be8baab4b7839e4d4fe5fac48581dd968ea4"},
    {file = "coverage-7.9.2.tar.gz", hash = "sha256:997024fa51e3290264ffd7492ec97d0690293ccd2b45a6cd7d82d945a4a80c8b"},
]

[package.extras]
toml = ["tomli ; python_full_version <= \"3.11.0a6\""]

[[package]]
name = "exceptiongroup"
version = "1.3.0"
description = "Backport of PEP 654 (exception groups)"
optional = false
python-versions = ">=3.7"
groups = ["dev"]
markers = "python_version < \"3.11\""
files = [
    {file = "exceptiongroup-1.3.0-py3-none-any.whl", hash = "sha256:4d111e6e0c13d0644cad6ddaa7ed0261a0b36971f6d23e7ec9b4b9097da78a10"},
    {file = "exceptiongroup-1.3.0.tar.gz", hash = "sha256:b241f5885f560bc56a59ee63ca4c6a8bfa46ae4ad651af316d4e81817bb9fd88"},
]

[package.dependencies]
typing-extensions = {version = ">=4.6.0", markers = "python_version < \"3.13\""}

[package.extras]
test = ["pytest (>=6)"]

[[package]]
name = "iniconfig"
version = "2.1.0"
description = "brain-dead simple config-ini parsing"
optional = false
python-versions = ">=3.8"
groups = ["dev"]
files = [
    {file = "iniconfig-2.1.0-py3-none-any.whl", hash = "sha256:9deba5723312380e77435581c6bf4935c94cbfab9b1ed33ef8d238ea168eb760"},
    {file = "iniconfig-2.1.0.tar.gz", hash = "sha256:3abbd2e30b36733fee78f9c7f7308f2d0050e88f0087fd25c2645f63c773e1c7"},
]

[[package]]
name = "mock"
version = "5.2.0"
description = "Rolling backport of unittest.mock for all Pythons"
optional = false
python-versions = ">=3.6"
groups = ["dev"]
files = [
    {file = "mock-5.2.0-py3-none-any.whl", hash = "sha256:7ba87f72ca0e915175596069dbbcc7c75af7b5e9b9bc107ad6349ede0819982f"},
    {file = "mock-5.2.0.tar.gz", hash = "sha256:4e460e818629b4b173f32d08bf30d3af8123afbb8e04bb5707a1fd4799e503f0"},
]

[package.extras]
build = ["blurb", "twine", "wheel"]
docs = ["sphinx"]
test = ["pytest", "pytest-cov"]

[[package]]
name = "packaging"
version = "25.0"
description = "Core utilities for Python packages"
optional = false
python-versions = ">=3.8"
groups = ["dev"]
files = [
    {file = "packaging-25.0-py3-none-any.whl", hash = "sha256:29572ef2b1f17581046b3a2227d5c611fb25ec70ca1ba8554b24b0e69331a484"},
    {file = "packaging-25.0.tar.gz", hash = "sha256:d443872c98d677bf60f6a1f2f8c1cb748e8fe762d2bf9d3148b5599295b0fc4f"},
]

[[package]]
name = "parameterized"
version = "0.9.0"
description = "Parameterized testing with any Python test framework"
optional = false
python-versions = ">=3.7"
groups = ["dev"]
files = [
    {file = "parameterized-0.9.0-py2.py3-none-any.whl", hash = "sha256:4e0758e3d41bea3bbd05ec14fc2c24736723f243b28d702081aef438c9372b1b"},
    {file = "parameterized-0.9.0.tar.gz", hash = "sha256:7fc905272cefa4f364c1a3429cbbe9c0f98b793988efb5bf90aac80f08db09b1"},
]

[package.extras]
dev = ["jinja2"]

[[package]]
name = "pluggy"
version = "1.6.0"
description = "plugin and hook calling mechanisms for python"
optional = false
python-versions = ">=3.9"
groups = ["dev"]
files = [
    {file = "pluggy-1.6.0-py3-none-any.whl", hash = "sha256:e920276dd6813095e9377c0bc5566d94c932c33b27a3e3945d8389c374dd4746"},
    {file = "pluggy-1.6.0.tar.gz", hash = "sha256:7dcc130b76258d33b90f61b658791dede3486c3e6bfb003ee5c9bfb396dd22f3"},
]

[package.extras]
dev = ["pre-commit", "tox"]
testing = ["coverage", "pytest", "pytest-benchmark"]

[[package]]
name = "pygments"
version = "2.19.2"
description = "Pygments is a syntax highlighting package written in Python."
optional = false
python-versions = ">=3.8"
groups = ["dev"]
files = [
    {file = "pygments-2.19.2-py3-none-any.whl", hash = "sha256:86540386c03d588bb81d44bc3928634ff26449851e99741617ecb9037ee5ec0b"},
    {file = "pygments-2.19.2.tar.gz", hash = "sha256:636cb2477cec7f8952536970bc533bc43743542f70392ae026374600add5b887"},
]

[package.extras]
windows-terminal = ["colorama (>=0.4.6)"]

[[package]]
name = "pytest"
version = "8.4.1"
description = "pytest: simple powerful testing with Python"
optional = false
python-versions = ">=3.9"
groups = ["dev"]
files = [
    {file = "pytest-8.4.1-py3-none-any.whl", hash = "sha256:539c70ba6fcead8e78eebbf1115e8b589e7565830d7d006a8723f19ac8a0afb7"},
    {file = "pytest-8.4.1.tar.gz", hash = "sha256:7c67fd69174877359ed9371ec3af8a3d2b04741818c51e5e99cc1742251fa93c"},
]

[package.dependencies]
colorama = {version = ">=0.4", markers = "sys_platform == \"win32\""}
exceptiongroup = {version = ">=1", markers = "python_version < \"3.11\""}
iniconfig = ">=1"
packaging = ">=20"
pluggy = ">=1.5,<2"
pygments = ">=2.7.2"
tomli = {version = ">=1", markers = "python_version < \"3.11\""}

[package.extras]
dev = ["argcomplete", "attrs (>=19.2)", "hypothesis (>=3.56)", "mock", "requests", "setuptools", "xmlschema"]

[[package]]
name = "simplejson"
version = "3.20.1"
description = "Simple, fast, extensible JSON encoder/decoder for Python"
optional = false
python-versions = "!=3.0.*,!=3.1.*,!=3.2.*,>=2.5"
groups = ["main"]
files = [
    {file = "simplejson-3.20.1-cp27-cp27m-manylinux1_i686.whl", hash = "sha256:f5272b5866b259fe6c33c4a8c5073bf8b359c3c97b70c298a2f09a69b52c7c41"},
    {file = "simplejson-3.20.1-cp27-cp27m-manylinux1_x86_64.whl", hash = "sha256:5c0de368f3052a59a1acf21f8b2dd28686a9e4eba2da7efae7ed9554cb31e7bc"},
    {file = "simplejson-3.20.1-cp27-cp27m-manylinux2010_i686.whl", hash = "sha256:0821871404a537fd0e22eba240c74c0467c28af6cc435903eca394cfc74a0497"},
    {file = "simplejson-3.20.1-cp27-cp27m-manylinux2010_x86_64.whl", hash = "sha256:c939a1e576bded47d7d03aa2afc2ae90b928b2cf1d9dc2070ceec51fd463f430"},
    {file = "simplejson-3.20.1-cp27-cp27mu-manylinux1_i686.whl", hash = "sha256:3c4f0a61cdc05550782ca4a2cdb311ea196c2e6be6b24a09bf71360ca8c3ca9b"},
    {file = "simplejson-3.20.1-cp27-cp27mu-manylinux1_x86_64.whl", hash = "sha256:6c21f5c026ca633cfffcb6bc1fac2e99f65cb2b24657d3bef21aed9916cc3bbf"},
    {file = "simplejson-3.20.1-cp27-cp27mu-manylinux2010_i686.whl", hash = "sha256:8d23b7f8d6b72319d6d55a0261089ff621ce87e54731c2d3de6a9bf7be5c028c"},
    {file = "simplejson-3.20.1-cp27-cp27mu-manylinux2010_x86_64.whl", hash = "sha256:cda5c32a98f392909088111ecec23f2b0d39346ceae1a0fea23ab2d1f84ec21d"},
    {file = "simplejson-3.20.1-cp310-cp310-macosx_10_9_universal2.whl", hash = "sha256:e580aa65d5f6c3bf41b9b4afe74be5d5ddba9576701c107c772d936ea2b5043a"},
    {file = "simplejson-3.20.1-cp310-cp310-macosx_10_9_x86_64.whl", hash = "sha256:4a586ce4f78cec11f22fe55c5bee0f067e803aab9bad3441afe2181693b5ebb5"},
    {file = "simplejson-3.20.1-cp310-cp310-macosx_11_0_arm64.whl", hash = "sha256:74a1608f9e6e8c27a4008d70a54270868306d80ed48c9df7872f9f4b8ac87808"},
    {file = "simplejson-3.20.1-cp310-cp310-manylinux_2_17_aarch64.manylinux2014_aarch64.whl", hash = "sha256:03db8cb64154189a92a7786209f24e391644f3a3fa335658be2df2af1960b8d8"},
    {file = "simplejson-3.20.1-cp310-cp310-manylinux_2_17_ppc64le.manylinux2014_ppc64le.whl", hash = "sha256:eea7e2b7d858f6fdfbf0fe3cb846d6bd8a45446865bc09960e51f3d473c2271b"},
    {file = "simplejson-3.20.1-cp310-cp310-manylinux_2_5_i686.manylinux1_i686.manylinux_2_17_i686.manylinux2014_i686.whl", hash = "sha256:e66712b17d8425bb7ff8968d4c7c7fd5a2dd7bd63728b28356223c000dd2f91f"},
    {file = "simplejson-3.20.1-cp310-cp310-manylinux_2_5_x86_64.manylinux1_x86_64.manylinux_2_17_x86_64.manylinux2014_x86_64.whl", hash = "sha256:a2cc4f6486f9f515b62f5831ff1888886619b84fc837de68f26d919ba7bbdcbc"},
    {file = "simplejson-3.20.1-cp310-cp310-musllinux_1_2_aarch64.whl", hash = "sha256:a3c2df555ee4016148fa192e2b9cd9e60bc1d40769366134882685e90aee2a1e"},
    {file = "simplejson-3.20.1-cp310-cp310-musllinux_1_2_i686.whl", hash = "sha256:78520f04b7548a5e476b5396c0847e066f1e0a4c0c5e920da1ad65e95f410b11"},
    {file = "simplejson-3.20.1-cp310-cp310-musllinux_1_2_ppc64le.whl", hash = "sha256:f4bd49ecde87b0fe9f55cc971449a32832bca9910821f7072bbfae1155eaa007"},
    {file = "simplejson-3.20.1-cp310-cp310-musllinux_1_2_x86_64.whl", hash = "sha256:7eaae2b88eb5da53caaffdfa50e2e12022553949b88c0df4f9a9663609373f72"},
    {file = "simplejson-3.20.1-cp310-cp310-win32.whl", hash = "sha256:e836fb88902799eac8debc2b642300748f4860a197fa3d9ea502112b6bb8e142"},
    {file = "simplejson-3.20.1-cp310-cp310-win_amd64.whl", hash = "sha256:b122a19b552b212fc3b5b96fc5ce92333d4a9ac0a800803e1f17ebb16dac4be5"},
    {file = "simplejson-3.20.1-cp311-cp311-macosx_10_9_universal2.whl", hash = "sha256:325b8c107253d3217e89d7b50c71015b5b31e2433e6c5bf38967b2f80630a8ca"},
    {file = "simplejson-3.20.1-cp311-cp311-macosx_10_9_x86_64.whl", hash = "sha256:88a7baa8211089b9e58d78fbc1b0b322103f3f3d459ff16f03a36cece0d0fcf0"},
    {file = "simplejson-3.20.1-cp311-cp311-macosx_11_0_arm64.whl", hash = "sha256:299b1007b8101d50d95bc0db1bf5c38dc372e85b504cf77f596462083ee77e3f"},
    {file = "simplejson-3.20.1-cp311-cp311-manylinux_2_17_aarch64.manylinux2014_aarch64.whl", hash = "sha256:03ec618ed65caab48e81e3ed29586236a8e57daef792f1f3bb59504a7e98cd10"},
    {file = "simplejson-3.20.1-cp311-cp311-manylinux_2_17_ppc64le.manylinux2014_ppc64le.whl", hash = "sha256:cd2cdead1d3197f0ff43373cf4730213420523ba48697743e135e26f3d179f38"},
    {file = "simplejson-3.20.1-cp311-cp311-manylinux_2_5_i686.manylinux1_i686.manylinux_2_17_i686.manylinux2014_i686.whl", hash = "sha256:3466d2839fdc83e1af42e07b90bc8ff361c4e8796cd66722a40ba14e458faddd"},
    {file = "simplejson-3.20.1-cp311-cp311-manylinux_2_5_x86_64.manylinux1_x86_64.manylinux_2_17_x86_64.manylinux2014_x86_64.whl", hash = "sha256:d492ed8e92f3a9f9be829205f44b1d0a89af6582f0cf43e0d129fa477b93fe0c"},
    {file = "simplejson-3.20.1-cp311-cp311-musllinux_1_2_aarch64.whl", hash = "sha256:f924b485537b640dc69434565463fd6fc0c68c65a8c6e01a823dd26c9983cf79"},
    {file = "simplejson-3.20.1-cp311-cp311-musllinux_1_2_i686.whl", hash = "sha256:9e8eacf6a3491bf76ea91a8d46726368a6be0eb94993f60b8583550baae9439e"},
    {file = "simplejson-3.20.1-cp311-cp311-musllinux_1_2_ppc64le.whl", hash = "sha256:d34d04bf90b4cea7c22d8b19091633908f14a096caa301b24c2f3d85b5068fb8"},
    {file = "simplejson-3.20.1-cp311-cp311-musllinux_1_2_x86_64.whl", hash = "sha256:69dd28d4ce38390ea4aaf212902712c0fd1093dc4c1ff67e09687c3c3e15a749"},
    {file = "simplejson-3.20.1-cp311-cp311-win32.whl", hash = "sha256:dfe7a9da5fd2a3499436cd350f31539e0a6ded5da6b5b3d422df016444d65e43"},
    {file = "simplejson-3.20.1-cp311-cp311-win_amd64.whl", hash = "sha256:896a6c04d7861d507d800da7642479c3547060bf97419d9ef73d98ced8258766"},
    {file = "simplejson-3.20.1-cp312-cp312-macosx_10_9_universal2.whl", hash = "sha256:f31c4a3a7ab18467ee73a27f3e59158255d1520f3aad74315edde7a940f1be23"},
    {file = "simplejson-3.20.1-cp312-cp312-macosx_10_9_x86_64.whl", hash = "sha256:884e6183d16b725e113b83a6fc0230152ab6627d4d36cb05c89c2c5bccfa7bc6"},
    {file = "simplejson-3.20.1-cp312-cp312-macosx_11_0_arm64.whl", hash = "sha256:03d7a426e416fe0d3337115f04164cd9427eb4256e843a6b8751cacf70abc832"},
    {file = "simplejson-3.20.1-cp312-cp312-manylinux_2_17_aarch64.manylinux2014_aarch64.whl", hash = "sha256:000602141d0bddfcff60ea6a6e97d5e10c9db6b17fd2d6c66199fa481b6214bb"},
    {file = "simplejson-3.20.1-cp312-cp312-manylinux_2_17_ppc64le.manylinux2014_ppc64le.whl", hash = "sha256:af8377a8af78226e82e3a4349efdde59ffa421ae88be67e18cef915e4023a595"},
    {file = "simplejson-3.20.1-cp312-cp312-manylinux_2_5_i686.manylinux1_i686.manylinux_2_17_i686.manylinux2014_i686.whl", hash = "sha256:15c7de4c88ab2fbcb8781a3b982ef883696736134e20b1210bca43fb42ff1acf"},
    {file = "simplejson-3.20.1-cp312-cp312-manylinux_2_5_x86_64.manylinux1_x86_64.manylinux_2_17_x86_64.manylinux2014_x86_64.whl", hash = "sha256:455a882ff3f97d810709f7b620007d4e0aca8da71d06fc5c18ba11daf1c4df49"},
    {file = "simplejson-3.20.1-cp312-cp312-musllinux_1_2_aarch64.whl", hash = "sha256:fc0f523ce923e7f38eb67804bc80e0a028c76d7868500aa3f59225574b5d0453"},
    {file = "simplejson-3.20.1-cp312-cp312-musllinux_1_2_i686.whl", hash = "sha256:76461ec929282dde4a08061071a47281ad939d0202dc4e63cdd135844e162fbc"},
    {file = "simplejson-3.20.1-cp312-cp312-musllinux_1_2_ppc64le.whl", hash = "sha256:ab19c2da8c043607bde4d4ef3a6b633e668a7d2e3d56f40a476a74c5ea71949f"},
    {file = "simplejson-3.20.1-cp312-cp312-musllinux_1_2_x86_64.whl", hash = "sha256:b2578bedaedf6294415197b267d4ef678fea336dd78ee2a6d2f4b028e9d07be3"},
    {file = "simplejson-3.20.1-cp312-cp312-win32.whl", hash = "sha256:339f407373325a36b7fd744b688ba5bae0666b5d340ec6d98aebc3014bf3d8ea"},
    {file = "simplejson-3.20.1-cp312-cp312-win_amd64.whl", hash = "sha256:627d4486a1ea7edf1f66bb044ace1ce6b4c1698acd1b05353c97ba4864ea2e17"},
    {file = "simplejson-3.20.1-cp313-cp313-macosx_10_13_universal2.whl", hash = "sha256:71e849e7ceb2178344998cbe5ade101f1b329460243c79c27fbfc51c0447a7c3"},
    {file = "simplejson-3.20.1-cp313-cp313-macosx_10_13_x86_64.whl", hash = "sha256:b63fdbab29dc3868d6f009a59797cefaba315fd43cd32ddd998ee1da28e50e29"},
    {file = "simplejson-3.20.1-cp313-cp313-macosx_11_0_arm64.whl", hash = "sha256:1190f9a3ce644fd50ec277ac4a98c0517f532cfebdcc4bd975c0979a9f05e1fb"},
    {file = "simplejson-3.20.1-cp313-cp313-manylinux_2_17_aarch64.manylinux2014_aarch64.whl", hash = "sha256:c1336ba7bcb722ad487cd265701ff0583c0bb6de638364ca947bb84ecc0015d1"},
    {file = "simplejson-3.20.1-cp313-cp313-manylinux_2_17_ppc64le.manylinux2014_ppc64le.whl", hash = "sha256:e975aac6a5acd8b510eba58d5591e10a03e3d16c1cf8a8624ca177491f7230f0"},
    {file = "simplejson-3.20.1-cp313-cp313-manylinux_2_5_i686.manylinux1_i686.manylinux_2_17_i686.manylinux2014_i686.whl", hash = "sha256:6a6dd11ee282937ad749da6f3b8d87952ad585b26e5edfa10da3ae2536c73078"},
    {file = "simplejson-3.20.1-cp313-cp313-manylinux_2_5_x86_64.manylinux1_x86_64.manylinux_2_17_x86_64.manylinux2014_x86_64.whl", hash = "sha256:ab980fcc446ab87ea0879edad41a5c28f2d86020014eb035cf5161e8de4474c6"},
    {file = "simplejson-3.20.1-cp313-cp313-musllinux_1_2_aarch64.whl", hash = "sha256:f5aee2a4cb6b146bd17333ac623610f069f34e8f31d2f4f0c1a2186e50c594f0"},
    {file = "simplejson-3.20.1-cp313-cp313-musllinux_1_2_i686.whl", hash = "sha256:652d8eecbb9a3b6461b21ec7cf11fd0acbab144e45e600c817ecf18e4580b99e"},
    {file = "simplejson-3.20.1-cp313-cp313-musllinux_1_2_ppc64le.whl", hash = "sha256:8c09948f1a486a89251ee3a67c9f8c969b379f6ffff1a6064b41fea3bce0a112"},
    {file = "simplejson-3.20.1-cp313-cp313-musllinux_1_2_x86_64.whl", hash = "sha256:cbbd7b215ad4fc6f058b5dd4c26ee5c59f72e031dfda3ac183d7968a99e4ca3a"},
    {file = "simplejson-3.20.1-cp313-cp313-win32.whl", hash = "sha256:ae81e482476eaa088ef9d0120ae5345de924f23962c0c1e20abbdff597631f87"},
    {file = "simplejson-3.20.1-cp313-cp313-win_amd64.whl", hash = "sha256:1b9fd15853b90aec3b1739f4471efbf1ac05066a2c7041bf8db821bb73cd2ddc"},
    {file = "simplejson-3.20.1-cp36-cp36m-macosx_10_9_x86_64.whl", hash = "sha256:c7edf279c1376f28bf41e916c015a2a08896597869d57d621f55b6a30c7e1e6d"},
    {file = "simplejson-3.20.1-cp36-cp36m-manylinux_2_17_aarch64.manylinux2014_aarch64.whl", hash = "sha256:d9202b9de38f12e99a40addd1a8d508a13c77f46d87ab1f9095f154667f4fe81"},
    {file = "simplejson-3.20.1-cp36-cp36m-manylinux_2_17_ppc64le.manylinux2014_ppc64le.whl", hash = "sha256:391345b4157cc4e120027e013bd35c45e2c191e2bf48b8913af488cdc3b9243c"},
    {file = "simplejson-3.20.1-cp36-cp36m-manylinux_2_5_i686.manylinux1_i686.manylinux_2_17_i686.manylinux2014_i686.whl", hash = "sha256:c6fdcc9debb711ddd2ad6d69f9386a3d9e8e253234bbb30513e0a7caa9510c51"},
    {file = "simplejson-3.20.1-cp36-cp36m-manylinux_2_5_x86_64.manylinux1_x86_64.manylinux_2_17_x86_64.manylinux2014_x86_64.whl", hash = "sha256:9daf8cdc7ee8a9e9f7a3b313ba0a003391857e90d0e82fbcd4d614aa05cb7c3b"},
    {file = "simplejson-3.20.1-cp36-cp36m-musllinux_1_2_aarch64.whl", hash = "sha256:c02f4868a3a46ffe284a51a88d134dc96feff6079a7115164885331a1ba8ed9f"},
    {file = "simplejson-3.20.1-cp36-cp36m-musllinux_1_2_i686.whl", hash = "sha256:3d7310172d5340febd258cb147f46aae30ad57c445f4d7e1ae8461c10aaf43b0"},
    {file = "simplejson-3.20.1-cp36-cp36m-musllinux_1_2_ppc64le.whl", hash = "sha256:4762e05577955312a4c6802f58dd02e040cc79ae59cda510aa1564d84449c102"},
    {file = "simplejson-3.20.1-cp36-cp36m-musllinux_1_2_x86_64.whl", hash = "sha256:8bb98fdf318c05aefd08a92583bd6ee148e93c6756fb1befb7b2d5f27824be78"},
    {file = "simplejson-3.20.1-cp36-cp36m-win32.whl", hash = "sha256:9a74e70818818981294b8e6956ce3496c5e1bd4726ac864fae473197671f7b85"},
    {file = "simplejson-3.20.1-cp36-cp36m-win_amd64.whl", hash = "sha256:e041add470e8f8535cc05509485eb7205729a84441f03b25cde80ad48823792e"},
    {file = "simplejson-3.20.1-cp37-cp37m-macosx_10_9_x86_64.whl", hash = "sha256:7e9d73f46119240e4f4f07868241749d67d09873f40cb968d639aa9ccc488b86"},
    {file = "simplejson-3.20.1-cp37-cp37m-manylinux_2_17_aarch64.manylinux2014_aarch64.whl", hash = "sha256:ae6e637dc24f8fee332ed23dd070e81394138e42cd4fd9d0923e5045ba122e27"},
    {file = "simplejson-3.20.1-cp37-cp37m-manylinux_2_17_ppc64le.manylinux2014_ppc64le.whl", hash = "sha256:efd3bc6c6b17e3d4620eb6be5196f0d1c08b6ce7c3101fa8e292b79e0908944b"},
    {file = "simplejson-3.20.1-cp37-cp37m-manylinux_2_5_i686.manylinux1_i686.manylinux_2_17_i686.manylinux2014_i686.whl", hash = "sha256:87fc623d457173a0213bc9ca4e346b83c9d443f63ed5cca847fb0cacea3cfc95"},
    {file = "simplejson-3.20.1-cp37-cp37m-manylinux_2_5_x86_64.manylinux1_x86_64.manylinux_2_17_x86_64.manylinux2014_x86_64.whl", hash = "sha256:ec6a1e0a7aff76f0e008bebfa950188b9c50b58c1885d898145f48fc8e189a56"},
    {file = "simplejson-3.20.1-cp37-cp37m-musllinux_1_2_aarch64.whl", hash = "sha256:9c079606f461a6e950099167e21e13985147c8a24be8eea66c9ad68f73fad744"},
    {file = "simplejson-3.20.1-cp37-cp37m-musllinux_1_2_i686.whl", hash = "sha256:9faceb68fba27ef17eda306e4cd97a7b4b14fdadca5fbb15790ba8b26ebeec0c"},
    {file = "simplejson-3.20.1-cp37-cp37m-musllinux_1_2_ppc64le.whl", hash = "sha256:7ceed598e4bacbf5133fe7a418f7991bb2df0683f3ac11fbf9e36a2bc7aa4b85"},
    {file = "simplejson-3.20.1-cp37-cp37m-musllinux_1_2_x86_64.whl", hash = "sha256:ede69c765e9901861ad7c6139023b7b7d5807c48a2539d817b4ab40018002d5f"},
    {file = "simplejson-3.20.1-cp37-cp37m-win32.whl", hash = "sha256:d8853c269a4c5146ddca4aa7c70e631795e9d11239d5fedb1c6bbc91ffdebcac"},
    {file = "simplejson-3.20.1-cp37-cp37m-win_amd64.whl", hash = "sha256:ed6a17fd397f0e2b3ad668fc9e19253ed2e3875ad9086bd7f795c29a3223f4a1"},
    {file = "simplejson-3.20.1-cp38-cp38-macosx_10_9_universal2.whl", hash = "sha256:7551682b60bba3a9e2780742e101cf0a64250e76de7d09b1c4b0c8a7c7cc6834"},
    {file = "simplejson-3.20.1-cp38-cp38-macosx_10_9_x86_64.whl", hash = "sha256:bd9577ec1c8c3a43040e3787711e4c257c70035b7551a21854b5dec88dad09e1"},
    {file = "simplejson-3.20.1-cp38-cp38-macosx_11_0_arm64.whl", hash = "sha256:4a8e197e4cf6d42c2c57e7c52cd7c1e7b3e37c5911df1314fb393320131e2101"},
    {file = "simplejson-3.20.1-cp38-cp38-manylinux_2_17_aarch64.manylinux2014_aarch64.whl", hash = "sha256:6bd09c8c75666e7f62a33d2f1fb57f81da1fcbb19a9fe7d7910b5756e1dd6048"},
    {file = "simplejson-3.20.1-cp38-cp38-manylinux_2_17_ppc64le.manylinux2014_ppc64le.whl", hash = "sha256:1bd6bfe5678d73fbd5328eea6a35216503796428fc47f1237432522febaf3a0c"},
    {file = "simplejson-3.20.1-cp38-cp38-manylinux_2_5_i686.manylinux1_i686.manylinux_2_17_i686.manylinux2014_i686.whl", hash = "sha256:71b75d448fd0ceb2e7c90e72bb82c41f8462550d48529980bc0bab1d2495bfbb"},
    {file = "simplejson-3.20.1-cp38-cp38-manylinux_2_5_x86_64.manylinux1_x86_64.manylinux_2_17_x86_64.manylinux2014_x86_64.whl", hash = "sha256:a7e15b716d09f318c8cda3e20f82fae81684ce3d3acd1d7770fa3007df1769de"},
    {file = "simplejson-3.20.1-cp38-cp38-musllinux_1_2_aarch64.whl", hash = "sha256:3e7963197d958fcf9e98b212b80977d56c022384621ff463d98afc3b6b1ce7e8"},
    {file = "simplejson-3.20.1-cp38-cp38-musllinux_1_2_i686.whl", hash = "sha256:2e671dd62051129185d3a9a92c60101f56cbc174854a1a3dfb69114ebd9e1699"},
    {file = "simplejson-3.20.1-cp38-cp38-musllinux_1_2_ppc64le.whl", hash = "sha256:e25b2a0c396f3b84fb89573d07b0e1846ed563eb364f2ea8230ca92b8a8cb786"},
    {file = "simplejson-3.20.1-cp38-cp38-musllinux_1_2_x86_64.whl", hash = "sha256:489c3a43116082bad56795215786313832ba3991cca1f55838e52a553f451ab6"},
    {file = "simplejson-3.20.1-cp38-cp38-win32.whl", hash = "sha256:4a92e948bad8df7fa900ba2ba0667a98303f3db206cbaac574935c332838208e"},
    {file = "simplejson-3.20.1-cp38-cp38-win_amd64.whl", hash = "sha256:49d059b8363327eee3c94799dd96782314b2dbd7bcc293b4ad48db69d6f4d362"},
    {file = "simplejson-3.20.1-cp39-cp39-macosx_10_9_universal2.whl", hash = "sha256:a8011f1dd1d676befcd4d675ebdbfdbbefd3bf350052b956ba8c699fca7d8cef"},
    {file = "simplejson-3.20.1-cp39-cp39-macosx_10_9_x86_64.whl", hash = "sha256:e91703a4c5fec53e36875ae426ad785f4120bd1d93b65bed4752eeccd1789e0c"},
    {file = "simplejson-3.20.1-cp39-cp39-macosx_11_0_arm64.whl", hash = "sha256:e39eaa57c7757daa25bcd21f976c46be443b73dd6c3da47fe5ce7b7048ccefe2"},
    {file = "simplejson-3.20.1-cp39-cp39-manylinux_2_17_aarch64.manylinux2014_aarch64.whl", hash = "sha256:ceab2ce2acdc7fbaa433a93006758db6ba9a659e80c4faa13b80b9d2318e9b17"},
    {file = "simplejson-3.20.1-cp39-cp39-manylinux_2_17_ppc64le.manylinux2014_ppc64le.whl", hash = "sha256:6d4f320c33277a5b715db5bf5b10dae10c19076bd6d66c2843e04bd12d1f1ea5"},
    {file = "simplejson-3.20.1-cp39-cp39-manylinux_2_5_i686.manylinux1_i686.manylinux_2_17_i686.manylinux2014_i686.whl", hash = "sha256:2b6436c48e64378fa844d8c9e58a5ed0352bbcfd4028369a9b46679b7ab79d2d"},
    {file = "simplejson-3.20.1-cp39-cp39-manylinux_2_5_x86_64.manylinux1_x86_64.manylinux_2_17_x86_64.manylinux2014_x86_64.whl", hash = "sha256:6e18345c8dda5d699be8166b61f9d80aaee4545b709f1363f60813dc032dac53"},
    {file = "simplejson-3.20.1-cp39-cp39-musllinux_1_2_aarch64.whl", hash = "sha256:90b573693d1526bed576f6817e2a492eaaef68f088b57d7a9e83d122bbb49e51"},
    {file = "simplejson-3.20.1-cp39-cp39-musllinux_1_2_i686.whl", hash = "sha256:272cc767826e924a6bd369ea3dbf18e166ded29059c7a4d64d21a9a22424b5b5"},
    {file = "simplejson-3.20.1-cp39-cp39-musllinux_1_2_ppc64le.whl", hash = "sha256:51b41f284d603c4380732d7d619f8b34bd04bc4aa0ed0ed5f4ffd0539b14da44"},
    {file = "simplejson-3.20.1-cp39-cp39-musllinux_1_2_x86_64.whl", hash = "sha256:6e6697a3067d281f01de0fe96fc7cba4ea870d96d7deb7bfcf85186d74456503"},
    {file = "simplejson-3.20.1-cp39-cp39-win32.whl", hash = "sha256:6dd3a1d5aca87bf947f3339b0f8e8e329f1badf548bdbff37fac63c17936da8e"},
    {file = "simplejson-3.20.1-cp39-cp39-win_amd64.whl", hash = "sha256:463f1fca8fbf23d088e5850fdd0dd4d5faea8900a9f9680270bd98fd649814ca"},
    {file = "simplejson-3.20.1-py3-none-any.whl", hash = "sha256:8a6c1bbac39fa4a79f83cbf1df6ccd8ff7069582a9fd8db1e52cea073bc2c697"},
    {file = "simplejson-3.20.1.tar.gz", hash = "sha256:e64139b4ec4f1f24c142ff7dcafe55a22b811a74d86d66560c8815687143037d"},
]

[[package]]
name = "snapshot-restore-py"
version = "1.0.0"
description = "Runtime Hooks for AWS Lambda SnapStart - Python"
optional = false
python-versions = ">=3.9"
groups = ["main"]
files = [
    {file = "snapshot-restore-py-1.0.0.tar.gz", hash = "sha256:4d27f82fb6f09968f422501e9c3c2dea48a46cd19dc798eb7d6cbc57523c8004"},
    {file = "snapshot_restore_py-1.0.0-py3-none-any.whl", hash = "sha256:38f99e696793790f54658e71c68c7a8a40cea877c81232b5052383b1301aceba"},
]

[[package]]
name = "tomli"
version = "2.2.1"
description = "A lil' TOML parser"
optional = false
python-versions = ">=3.8"
groups = ["dev"]
markers = "python_version < \"3.11\""
files = [
    {file = "tomli-2.2.1-cp311-cp311-macosx_10_9_x86_64.whl", hash = "sha256:678e4fa69e4575eb77d103de3df8a895e1591b48e740211bd1067378c69e8249"},
    {file = "tomli-2.2.1-cp311-cp311-macosx_11_0_arm64.whl", hash = "sha256:023aa114dd824ade0100497eb2318602af309e5a55595f76b626d6d9f3b7b0a6"},
    {file = "tomli-2.2.1-cp311-cp311-manylinux_2_17_aarch64.manylinux2014_aarch64.whl", hash = "sha256:ece47d672db52ac607a3d9599a9d48dcb2f2f735c6c2d1f34130085bb12b112a"},
    {file = "tomli-2.2.1-cp311-cp311-manylinux_2_17_x86_64.manylinux2014_x86_64.whl", hash = "sha256:6972ca9c9cc9f0acaa56a8ca1ff51e7af152a9f87fb64623e31d5c83700080ee"},
    {file = "tomli-2.2.1-cp311-cp311-manylinux_2_5_i686.manylinux1_i686.manylinux_2_17_i686.manylinux2014_i686.whl", hash = "sha256:c954d2250168d28797dd4e3ac5cf812a406cd5a92674ee4c8f123c889786aa8e"},
    {file = "tomli-2.2.1-cp311-cp311-musllinux_1_2_aarch64.whl", hash = "sha256:8dd28b3e155b80f4d54beb40a441d366adcfe740969820caf156c019fb5c7ec4"},
    {file = "tomli-2.2.1-cp311-cp311-musllinux_1_2_i686.whl", hash = "sha256:e59e304978767a54663af13c07b3d1af22ddee3bb2fb0618ca1593e4f593a106"},
    {file = "tomli-2.2.1-cp311-cp311-musllinux_1_2_x86_64.whl", hash = "sha256:33580bccab0338d00994d7f16f4c4ec25b776af3ffaac1ed74e0b3fc95e885a8"},
    {file = "tomli-2.2.1-cp311-cp311-win32.whl", hash = "sha256:465af0e0875402f1d226519c9904f37254b3045fc5084697cefb9bdde1ff99ff"},
    {file = "tomli-2.2.1-cp311-cp311-win_amd64.whl", hash = "sha256:2d0f2fdd22b02c6d81637a3c95f8cd77f995846af7414c5c4b8d0545afa1bc4b"},
    {file = "tomli-2.2.1-cp312-cp312-macosx_10_13_x86_64.whl", hash = "sha256:4a8f6e44de52d5e6c657c9fe83b562f5f4256d8ebbfe4ff922c495620a7f6cea"},
    {file = "tomli-2.2.1-cp312-cp312-macosx_11_0_arm64.whl", hash = "sha256:8d57ca8095a641b8237d5b079147646153d22552f1c637fd3ba7f4b0b29167a8"},
    {file = "tomli-2.2.1-cp312-cp312-manylinux_2_17_aarch64.manylinux2014_aarch64.whl", hash = "sha256:4e340144ad7ae1533cb897d406382b4b6fede8890a03738ff1683af800d54192"},
    {file = "tomli-2.2.1-cp312-cp312-manylinux_2_17_x86_64.manylinux2014_x86_64.whl", hash = "sha256:db2b95f9de79181805df90bedc5a5ab4c165e6ec3fe99f970d0e302f384ad222"},
    {file = "tomli-2.2.1-cp312-cp312-manylinux_2_5_i686.manylinux1_i686.manylinux_2_17_i686.manylinux2014_i686.whl", hash = "sha256:40741994320b232529c802f8bc86da4e1aa9f413db394617b9a256ae0f9a7f77"},
    {file = "tomli-2.2.1-cp312-cp312-musllinux_1_2_aarch64.whl", hash = "sha256:400e720fe168c0f8521520190686ef8ef033fb19fc493da09779e592861b78c6"},
    {file = "tomli-2.2.1-cp312-cp312-musllinux_1_2_i686.whl", hash = "sha256:02abe224de6ae62c19f090f68da4e27b10af2b93213d36cf44e6e1c5abd19fdd"},
    {file = "tomli-2.2.1-cp312-cp312-musllinux_1_2_x86_64.whl", hash = "sha256:b82ebccc8c8a36f2094e969560a1b836758481f3dc360ce9a3277c65f374285e"},
    {file = "tomli-2.2.1-cp312-cp312-win32.whl", hash = "sha256:889f80ef92701b9dbb224e49ec87c645ce5df3fa2cc548664eb8a25e03127a98"},
    {file = "tomli-2.2.1-cp312-cp312-win_amd64.whl", hash = "sha256:7fc04e92e1d624a4a63c76474610238576942d6b8950a2d7f908a340494e67e4"},
    {file = "tomli-2.2.1-cp313-cp313-macosx_10_13_x86_64.whl", hash = "sha256:f4039b9cbc3048b2416cc57ab3bda989a6fcf9b36cf8937f01a6e731b64f80d7"},
    {file = "tomli-2.2.1-cp313-cp313-macosx_11_0_arm64.whl", hash = "sha256:286f0ca2ffeeb5b9bd4fcc8d6c330534323ec51b2f52da063b11c502da16f30c"},
    {file = "tomli-2.2.1-cp313-cp313-manylinux_2_17_aarch64.manylinux2014_aarch64.whl", hash = "sha256:a92ef1a44547e894e2a17d24e7557a5e85a9e1d0048b0b5e7541f76c5032cb13"},
    {file = "tomli-2.2.1-cp313-cp313-manylinux_2_17_x86_64.manylinux2014_x86_64.whl", hash = "sha256:9316dc65bed1684c9a98ee68759ceaed29d229e985297003e494aa825ebb0281"},
    {file = "tomli-2.2.1-cp313-cp313-manylinux_2_5_i686.manylinux1_i686.manylinux_2_17_i686.manylinux2014_i686.whl", hash = "sha256:e85e99945e688e32d5a35c1ff38ed0b3f41f43fad8df0bdf79f72b2ba7bc5272"},
    {file = "tomli-2.2.1-cp313-cp313-musllinux_1_2_aarch64.whl", hash = "sha256:ac065718db92ca818f8d6141b5f66369833d4a80a9d74435a268c52bdfa73140"},
    {file = "tomli-2.2.1-cp313-cp313-musllinux_1_2_i686.whl", hash = "sha256:d920f33822747519673ee656a4b6ac33e382eca9d331c87770faa3eef562aeb2"},
    {file = "tomli-2.2.1-cp313-cp313-musllinux_1_2_x86_64.whl", hash = "sha256:a198f10c4d1b1375d7687bc25294306e551bf1abfa4eace6650070a5c1ae2744"},
    {file = "tomli-2.2.1-cp313-cp313-win32.whl", hash = "sha256:d3f5614314d758649ab2ab3a62d4f2004c825922f9e370b29416484086b264ec"},
    {file = "tomli-2.2.1-cp313-cp313-win_amd64.whl", hash = "sha256:a38aa0308e754b0e3c67e344754dff64999ff9b513e691d0e786265c93583c69"},
    {file = "tomli-2.2.1-py3-none-any.whl", hash = "sha256:cb55c73c5f4408779d0cf3eef9f762b9c9f147a77de7b258bef0a5628adc85cc"},
    {file = "tomli-2.2.1.tar.gz", hash = "sha256:cd45e1dc79c835ce60f7404ec8119f2eb06d38b1deba146f07ced3bbc44505ff"},
]

[[package]]
name = "typing-extensions"
version = "4.14.1"
description = "Backported and Experimental Type Hints for Python 3.9+"
optional = false
python-versions = ">=3.9"
groups = ["dev"]
markers = "python_version < \"3.11\""
files = [
    {file = "typing_extensions-4.14.1-py3-none-any.whl", hash = "sha256:d1e1e3b58374dc93031d6eda2420a48ea44a36c2b4766a4fdeb3710755731d76"},
    {file = "typing_extensions-4.14.1.tar.gz", hash = "sha256:38b39f4aeeab64884ce9f74c94263ef78f3c22467c8724005483154c26648d36"},
]

[metadata]
lock-version = "2.1"
python-versions = ">=3.9"
content-hash = "073430e8d27c28c39f190db9942dad6e017a1ec4436129a60b7b628e4c3517f1"
